// !$*UTF8*$!
{
	archiveVersion = 1;
	classes = {
	};
	objectVersion = 50;
	objects = {

/* Begin PBXBuildFile section */
		3E129A102098008300BD2406 /* GoogleService-Info.plist in Resources */ = {isa = PBXBuildFile; fileRef = 3E129A0F2098008200BD2406 /* GoogleService-Info.plist */; };
		3E16D7FB209D534F00C2AC33 /* InputViewController.swift in Sources */ = {isa = PBXBuildFile; fileRef = 3E16D7FA209D534F00C2AC33 /* InputViewController.swift */; };
		3E66DA8C209FD18D00F4AD17 /* FeedCollectionViewCell.swift in Sources */ = {isa = PBXBuildFile; fileRef = 3E66DA8B209FD18D00F4AD17 /* FeedCollectionViewCell.swift */; };
		3E66DA90209FD26400F4AD17 /* FeedViewController.swift in Sources */ = {isa = PBXBuildFile; fileRef = 3E66DA8F209FD26400F4AD17 /* FeedViewController.swift */; };
		3EC3184E20A0D0F400DE06C7 /* LoginViewController.swift in Sources */ = {isa = PBXBuildFile; fileRef = 3EC3184D20A0D0F400DE06C7 /* LoginViewController.swift */; };
		3ED90D41209793EC0079B020 /* AppDelegate.swift in Sources */ = {isa = PBXBuildFile; fileRef = 3ED90D40209793EC0079B020 /* AppDelegate.swift */; };
		3ED90D43209793EC0079B020 /* ViewController.swift in Sources */ = {isa = PBXBuildFile; fileRef = 3ED90D42209793EC0079B020 /* ViewController.swift */; };
		3ED90D46209793EC0079B020 /* Main.storyboard in Resources */ = {isa = PBXBuildFile; fileRef = 3ED90D44209793EC0079B020 /* Main.storyboard */; };
		3ED90D48209793EE0079B020 /* Assets.xcassets in Resources */ = {isa = PBXBuildFile; fileRef = 3ED90D47209793EE0079B020 /* Assets.xcassets */; };
		3ED90D4B209793EE0079B020 /* LaunchScreen.storyboard in Resources */ = {isa = PBXBuildFile; fileRef = 3ED90D49209793EE0079B020 /* LaunchScreen.storyboard */; };
		B8D488A7C4FE97447F099D55 /* Pods_UCD_Foodconnect.framework in Frameworks */ = {isa = PBXBuildFile; fileRef = 738442F3C252916D1CFD6051 /* Pods_UCD_Foodconnect.framework */; };
/* End PBXBuildFile section */

/* Begin PBXFileReference section */
		3E129A0F2098008200BD2406 /* GoogleService-Info.plist */ = {isa = PBXFileReference; fileEncoding = 4; lastKnownFileType = text.plist.xml; path = "GoogleService-Info.plist"; sourceTree = "<group>"; };
		3E16D7FA209D534F00C2AC33 /* InputViewController.swift */ = {isa = PBXFileReference; lastKnownFileType = sourcecode.swift; path = InputViewController.swift; sourceTree = "<group>"; };
		3E66DA8B209FD18D00F4AD17 /* FeedCollectionViewCell.swift */ = {isa = PBXFileReference; lastKnownFileType = sourcecode.swift; path = FeedCollectionViewCell.swift; sourceTree = "<group>"; };
		3E66DA8F209FD26400F4AD17 /* FeedViewController.swift */ = {isa = PBXFileReference; lastKnownFileType = sourcecode.swift; path = FeedViewController.swift; sourceTree = "<group>"; };
		3EC3184D20A0D0F400DE06C7 /* LoginViewController.swift */ = {isa = PBXFileReference; lastKnownFileType = sourcecode.swift; path = LoginViewController.swift; sourceTree = "<group>"; };
		3ED90D3D209793EC0079B020 /* UCD Foodconnect.app */ = {isa = PBXFileReference; explicitFileType = wrapper.application; includeInIndex = 0; path = "UCD Foodconnect.app"; sourceTree = BUILT_PRODUCTS_DIR; };
		3ED90D40209793EC0079B020 /* AppDelegate.swift */ = {isa = PBXFileReference; lastKnownFileType = sourcecode.swift; path = AppDelegate.swift; sourceTree = "<group>"; };
		3ED90D42209793EC0079B020 /* ViewController.swift */ = {isa = PBXFileReference; lastKnownFileType = sourcecode.swift; path = ViewController.swift; sourceTree = "<group>"; };
		3ED90D45209793EC0079B020 /* Base */ = {isa = PBXFileReference; lastKnownFileType = file.storyboard; name = Base; path = Base.lproj/Main.storyboard; sourceTree = "<group>"; };
		3ED90D47209793EE0079B020 /* Assets.xcassets */ = {isa = PBXFileReference; lastKnownFileType = folder.assetcatalog; path = Assets.xcassets; sourceTree = "<group>"; };
		3ED90D4A209793EE0079B020 /* Base */ = {isa = PBXFileReference; lastKnownFileType = file.storyboard; name = Base; path = Base.lproj/LaunchScreen.storyboard; sourceTree = "<group>"; };
		3ED90D4C209793EE0079B020 /* Info.plist */ = {isa = PBXFileReference; lastKnownFileType = text.plist.xml; path = Info.plist; sourceTree = "<group>"; };
		738442F3C252916D1CFD6051 /* Pods_UCD_Foodconnect.framework */ = {isa = PBXFileReference; explicitFileType = wrapper.framework; includeInIndex = 0; path = Pods_UCD_Foodconnect.framework; sourceTree = BUILT_PRODUCTS_DIR; };
		F10E1B3BD6DE3D33F3C34CC3 /* Pods-UCD Foodconnect.release.xcconfig */ = {isa = PBXFileReference; includeInIndex = 1; lastKnownFileType = text.xcconfig; name = "Pods-UCD Foodconnect.release.xcconfig"; path = "Pods/Target Support Files/Pods-UCD Foodconnect/Pods-UCD Foodconnect.release.xcconfig"; sourceTree = "<group>"; };
		F1C5AE529B19D117D6D4723D /* Pods-UCD Foodconnect.debug.xcconfig */ = {isa = PBXFileReference; includeInIndex = 1; lastKnownFileType = text.xcconfig; name = "Pods-UCD Foodconnect.debug.xcconfig"; path = "Pods/Target Support Files/Pods-UCD Foodconnect/Pods-UCD Foodconnect.debug.xcconfig"; sourceTree = "<group>"; };
/* End PBXFileReference section */

/* Begin PBXFrameworksBuildPhase section */
		3ED90D3A209793EC0079B020 /* Frameworks */ = {
			isa = PBXFrameworksBuildPhase;
			buildActionMask = 2147483647;
			files = (
				B8D488A7C4FE97447F099D55 /* Pods_UCD_Foodconnect.framework in Frameworks */,
			);
			runOnlyForDeploymentPostprocessing = 0;
		};
/* End PBXFrameworksBuildPhase section */

/* Begin PBXGroup section */
		0E03386891A4DF90ABDC66CF /* Pods */ = {
			isa = PBXGroup;
			children = (
				F1C5AE529B19D117D6D4723D /* Pods-UCD Foodconnect.debug.xcconfig */,
				F10E1B3BD6DE3D33F3C34CC3 /* Pods-UCD Foodconnect.release.xcconfig */,
			);
			name = Pods;
			sourceTree = "<group>";
		};
		32A58E02A350D695C6785F6F /* Frameworks */ = {
			isa = PBXGroup;
			children = (
				738442F3C252916D1CFD6051 /* Pods_UCD_Foodconnect.framework */,
			);
			name = Frameworks;
			sourceTree = "<group>";
		};
		3ED90D34209793EC0079B020 = {
			isa = PBXGroup;
			children = (
				3ED90D3F209793EC0079B020 /* UCD Foodconnect */,
				3ED90D3E209793EC0079B020 /* Products */,
				0E03386891A4DF90ABDC66CF /* Pods */,
				32A58E02A350D695C6785F6F /* Frameworks */,
			);
			sourceTree = "<group>";
		};
		3ED90D3E209793EC0079B020 /* Products */ = {
			isa = PBXGroup;
			children = (
				3ED90D3D209793EC0079B020 /* UCD Foodconnect.app */,
			);
			name = Products;
			sourceTree = "<group>";
		};
		3ED90D3F209793EC0079B020 /* UCD Foodconnect */ = {
			isa = PBXGroup;
			children = (
				3ED90D40209793EC0079B020 /* AppDelegate.swift */,
				3ED90D42209793EC0079B020 /* ViewController.swift */,
				3ED90D44209793EC0079B020 /* Main.storyboard */,
				3EC3184D20A0D0F400DE06C7 /* LoginViewController.swift */,
				3E66DA8B209FD18D00F4AD17 /* FeedCollectionViewCell.swift */,
				3E16D7FA209D534F00C2AC33 /* InputViewController.swift */,
				3E66DA8F209FD26400F4AD17 /* FeedViewController.swift */,
				3ED90D47209793EE0079B020 /* Assets.xcassets */,
				3ED90D49209793EE0079B020 /* LaunchScreen.storyboard */,
				3E129A0F2098008200BD2406 /* GoogleService-Info.plist */,
				3ED90D4C209793EE0079B020 /* Info.plist */,
			);
			path = "UCD Foodconnect";
			sourceTree = "<group>";
		};
/* End PBXGroup section */

/* Begin PBXNativeTarget section */
		3ED90D3C209793EC0079B020 /* UCD Foodconnect */ = {
			isa = PBXNativeTarget;
			buildConfigurationList = 3ED90D4F209793EE0079B020 /* Build configuration list for PBXNativeTarget "UCD Foodconnect" */;
			buildPhases = (
				A864B6E02712672E80776D81 /* [CP] Check Pods Manifest.lock */,
				3ED90D39209793EC0079B020 /* Sources */,
				3ED90D3A209793EC0079B020 /* Frameworks */,
				3ED90D3B209793EC0079B020 /* Resources */,
				176045F8D8E9915832B48214 /* [CP] Embed Pods Frameworks */,
				E9E9C9ABD0BC7043A6CFDE53 /* [CP] Copy Pods Resources */,
			);
			buildRules = (
			);
			dependencies = (
			);
			name = "UCD Foodconnect";
			productName = "UCD Foodconnect";
			productReference = 3ED90D3D209793EC0079B020 /* UCD Foodconnect.app */;
			productType = "com.apple.product-type.application";
		};
/* End PBXNativeTarget section */

/* Begin PBXProject section */
		3ED90D35209793EC0079B020 /* Project object */ = {
			isa = PBXProject;
			attributes = {
				LastSwiftUpdateCheck = 0930;
				LastUpgradeCheck = 0930;
				ORGANIZATIONNAME = "Calvin Huang";
				TargetAttributes = {
					3ED90D3C209793EC0079B020 = {
						CreatedOnToolsVersion = 9.3;
					};
				};
			};
			buildConfigurationList = 3ED90D38209793EC0079B020 /* Build configuration list for PBXProject "UCD Foodconnect" */;
			compatibilityVersion = "Xcode 9.3";
			developmentRegion = en;
			hasScannedForEncodings = 0;
			knownRegions = (
				en,
				Base,
			);
			mainGroup = 3ED90D34209793EC0079B020;
			productRefGroup = 3ED90D3E209793EC0079B020 /* Products */;
			projectDirPath = "";
			projectRoot = "";
			targets = (
				3ED90D3C209793EC0079B020 /* UCD Foodconnect */,
			);
		};
/* End PBXProject section */

/* Begin PBXResourcesBuildPhase section */
		3ED90D3B209793EC0079B020 /* Resources */ = {
			isa = PBXResourcesBuildPhase;
			buildActionMask = 2147483647;
			files = (
				3ED90D4B209793EE0079B020 /* LaunchScreen.storyboard in Resources */,
				3E129A102098008300BD2406 /* GoogleService-Info.plist in Resources */,
				3ED90D48209793EE0079B020 /* Assets.xcassets in Resources */,
				3ED90D46209793EC0079B020 /* Main.storyboard in Resources */,
			);
			runOnlyForDeploymentPostprocessing = 0;
		};
/* End PBXResourcesBuildPhase section */

/* Begin PBXShellScriptBuildPhase section */
		176045F8D8E9915832B48214 /* [CP] Embed Pods Frameworks */ = {
			isa = PBXShellScriptBuildPhase;
			buildActionMask = 2147483647;
			files = (
			);
			inputPaths = (
				"${SRCROOT}/Pods/Target Support Files/Pods-UCD Foodconnect/Pods-UCD Foodconnect-frameworks.sh",
				"${BUILT_PRODUCTS_DIR}/Bolts/Bolts.framework",
				"${BUILT_PRODUCTS_DIR}/BoringSSL/openssl.framework",
				"${BUILT_PRODUCTS_DIR}/FBSDKCoreKit/FBSDKCoreKit.framework",
				"${BUILT_PRODUCTS_DIR}/FBSDKLoginKit/FBSDKLoginKit.framework",
				"${BUILT_PRODUCTS_DIR}/GTMOAuth2/GTMOAuth2.framework",
				"${BUILT_PRODUCTS_DIR}/GTMSessionFetcher/GTMSessionFetcher.framework",
				"${BUILT_PRODUCTS_DIR}/GoogleToolboxForMac/GoogleToolboxForMac.framework",
				"${BUILT_PRODUCTS_DIR}/Protobuf/Protobuf.framework",
				"${BUILT_PRODUCTS_DIR}/SDWebImage/SDWebImage.framework",
				"${PODS_ROOT}/TwitterCore/iOS/TwitterCore.framework",
				"${PODS_ROOT}/TwitterKit/iOS/TwitterKit.framework",
				"${BUILT_PRODUCTS_DIR}/gRPC/GRPCClient.framework",
				"${BUILT_PRODUCTS_DIR}/gRPC-Core/grpc.framework",
				"${BUILT_PRODUCTS_DIR}/gRPC-ProtoRPC/ProtoRPC.framework",
				"${BUILT_PRODUCTS_DIR}/gRPC-RxLibrary/RxLibrary.framework",
				"${BUILT_PRODUCTS_DIR}/leveldb-library/leveldb.framework",
				"${BUILT_PRODUCTS_DIR}/nanopb/nanopb.framework",
			);
			name = "[CP] Embed Pods Frameworks";
			outputPaths = (
				"${TARGET_BUILD_DIR}/${FRAMEWORKS_FOLDER_PATH}/Bolts.framework",
				"${TARGET_BUILD_DIR}/${FRAMEWORKS_FOLDER_PATH}/openssl.framework",
				"${TARGET_BUILD_DIR}/${FRAMEWORKS_FOLDER_PATH}/FBSDKCoreKit.framework",
				"${TARGET_BUILD_DIR}/${FRAMEWORKS_FOLDER_PATH}/FBSDKLoginKit.framework",
				"${TARGET_BUILD_DIR}/${FRAMEWORKS_FOLDER_PATH}/GTMOAuth2.framework",
				"${TARGET_BUILD_DIR}/${FRAMEWORKS_FOLDER_PATH}/GTMSessionFetcher.framework",
				"${TARGET_BUILD_DIR}/${FRAMEWORKS_FOLDER_PATH}/GoogleToolboxForMac.framework",
				"${TARGET_BUILD_DIR}/${FRAMEWORKS_FOLDER_PATH}/Protobuf.framework",
				"${TARGET_BUILD_DIR}/${FRAMEWORKS_FOLDER_PATH}/SDWebImage.framework",
				"${TARGET_BUILD_DIR}/${FRAMEWORKS_FOLDER_PATH}/TwitterCore.framework",
				"${TARGET_BUILD_DIR}/${FRAMEWORKS_FOLDER_PATH}/TwitterKit.framework",
				"${TARGET_BUILD_DIR}/${FRAMEWORKS_FOLDER_PATH}/GRPCClient.framework",
				"${TARGET_BUILD_DIR}/${FRAMEWORKS_FOLDER_PATH}/grpc.framework",
				"${TARGET_BUILD_DIR}/${FRAMEWORKS_FOLDER_PATH}/ProtoRPC.framework",
				"${TARGET_BUILD_DIR}/${FRAMEWORKS_FOLDER_PATH}/RxLibrary.framework",
				"${TARGET_BUILD_DIR}/${FRAMEWORKS_FOLDER_PATH}/leveldb.framework",
				"${TARGET_BUILD_DIR}/${FRAMEWORKS_FOLDER_PATH}/nanopb.framework",
			);
			runOnlyForDeploymentPostprocessing = 0;
			shellPath = /bin/sh;
			shellScript = "\"${SRCROOT}/Pods/Target Support Files/Pods-UCD Foodconnect/Pods-UCD Foodconnect-frameworks.sh\"\n";
			showEnvVarsInLog = 0;
		};
		A864B6E02712672E80776D81 /* [CP] Check Pods Manifest.lock */ = {
			isa = PBXShellScriptBuildPhase;
			buildActionMask = 2147483647;
			files = (
			);
			inputPaths = (
				"${PODS_PODFILE_DIR_PATH}/Podfile.lock",
				"${PODS_ROOT}/Manifest.lock",
			);
			name = "[CP] Check Pods Manifest.lock";
			outputPaths = (
				"$(DERIVED_FILE_DIR)/Pods-UCD Foodconnect-checkManifestLockResult.txt",
			);
			runOnlyForDeploymentPostprocessing = 0;
			shellPath = /bin/sh;
			shellScript = "diff \"${PODS_PODFILE_DIR_PATH}/Podfile.lock\" \"${PODS_ROOT}/Manifest.lock\" > /dev/null\nif [ $? != 0 ] ; then\n    # print error to STDERR\n    echo \"error: The sandbox is not in sync with the Podfile.lock. Run 'pod install' or update your CocoaPods installation.\" >&2\n    exit 1\nfi\n# This output is used by Xcode 'outputs' to avoid re-running this script phase.\necho \"SUCCESS\" > \"${SCRIPT_OUTPUT_FILE_0}\"\n";
			showEnvVarsInLog = 0;
		};
		E9E9C9ABD0BC7043A6CFDE53 /* [CP] Copy Pods Resources */ = {
			isa = PBXShellScriptBuildPhase;
			buildActionMask = 2147483647;
			files = (
			);
			inputPaths = (
				"${SRCROOT}/Pods/Target Support Files/Pods-UCD Foodconnect/Pods-UCD Foodconnect-resources.sh",
				"${PODS_CONFIGURATION_BUILD_DIR}/FirebaseUI/FirebaseAuthUI.bundle",
				"${PODS_CONFIGURATION_BUILD_DIR}/FirebaseUI/FirebaseFacebookAuthUI.bundle",
				"${PODS_CONFIGURATION_BUILD_DIR}/FirebaseUI/FirebaseGoogleAuthUI.bundle",
				"${PODS_CONFIGURATION_BUILD_DIR}/FirebaseUI/FirebasePhoneAuthUI.bundle",
				"${PODS_CONFIGURATION_BUILD_DIR}/FirebaseUI/FirebaseTwitterAuthUI.bundle",
				"${PODS_ROOT}/GoogleSignIn/Resources/GoogleSignIn.bundle",
				"${PODS_ROOT}/TwitterKit/iOS/TwitterKit.framework/TwitterKitResources.bundle",
				"${PODS_ROOT}/TwitterKit/iOS/TwitterKit.framework/TwitterShareExtensionUIResources.bundle",
			);
			name = "[CP] Copy Pods Resources";
			outputPaths = (
				"${TARGET_BUILD_DIR}/${UNLOCALIZED_RESOURCES_FOLDER_PATH}/FirebaseAuthUI.bundle",
				"${TARGET_BUILD_DIR}/${UNLOCALIZED_RESOURCES_FOLDER_PATH}/FirebaseFacebookAuthUI.bundle",
				"${TARGET_BUILD_DIR}/${UNLOCALIZED_RESOURCES_FOLDER_PATH}/FirebaseGoogleAuthUI.bundle",
				"${TARGET_BUILD_DIR}/${UNLOCALIZED_RESOURCES_FOLDER_PATH}/FirebasePhoneAuthUI.bundle",
				"${TARGET_BUILD_DIR}/${UNLOCALIZED_RESOURCES_FOLDER_PATH}/FirebaseTwitterAuthUI.bundle",
				"${TARGET_BUILD_DIR}/${UNLOCALIZED_RESOURCES_FOLDER_PATH}/GoogleSignIn.bundle",
				"${TARGET_BUILD_DIR}/${UNLOCALIZED_RESOURCES_FOLDER_PATH}/TwitterKitResources.bundle",
				"${TARGET_BUILD_DIR}/${UNLOCALIZED_RESOURCES_FOLDER_PATH}/TwitterShareExtensionUIResources.bundle",
			);
			runOnlyForDeploymentPostprocessing = 0;
			shellPath = /bin/sh;
			shellScript = "\"${SRCROOT}/Pods/Target Support Files/Pods-UCD Foodconnect/Pods-UCD Foodconnect-resources.sh\"\n";
			showEnvVarsInLog = 0;
		};
/* End PBXShellScriptBuildPhase section */

/* Begin PBXSourcesBuildPhase section */
		3ED90D39209793EC0079B020 /* Sources */ = {
			isa = PBXSourcesBuildPhase;
			buildActionMask = 2147483647;
			files = (
				3EC3184E20A0D0F400DE06C7 /* LoginViewController.swift in Sources */,
				3ED90D43209793EC0079B020 /* ViewController.swift in Sources */,
				3E66DA8C209FD18D00F4AD17 /* FeedCollectionViewCell.swift in Sources */,
				3ED90D41209793EC0079B020 /* AppDelegate.swift in Sources */,
				3E66DA90209FD26400F4AD17 /* FeedViewController.swift in Sources */,
				3E16D7FB209D534F00C2AC33 /* InputViewController.swift in Sources */,
			);
			runOnlyForDeploymentPostprocessing = 0;
		};
/* End PBXSourcesBuildPhase section */

/* Begin PBXVariantGroup section */
		3ED90D44209793EC0079B020 /* Main.storyboard */ = {
			isa = PBXVariantGroup;
			children = (
				3ED90D45209793EC0079B020 /* Base */,
			);
			name = Main.storyboard;
			sourceTree = "<group>";
		};
		3ED90D49209793EE0079B020 /* LaunchScreen.storyboard */ = {
			isa = PBXVariantGroup;
			children = (
				3ED90D4A209793EE0079B020 /* Base */,
			);
			name = LaunchScreen.storyboard;
			sourceTree = "<group>";
		};
/* End PBXVariantGroup section */

/* Begin XCBuildConfiguration section */
		3ED90D4D209793EE0079B020 /* Debug */ = {
			isa = XCBuildConfiguration;
			buildSettings = {
				ALWAYS_SEARCH_USER_PATHS = NO;
				CLANG_ANALYZER_NONNULL = YES;
				CLANG_ANALYZER_NUMBER_OBJECT_CONVERSION = YES_AGGRESSIVE;
				CLANG_CXX_LANGUAGE_STANDARD = "gnu++14";
				CLANG_CXX_LIBRARY = "libc++";
				CLANG_ENABLE_MODULES = YES;
				CLANG_ENABLE_OBJC_ARC = YES;
				CLANG_ENABLE_OBJC_WEAK = YES;
				CLANG_WARN_BLOCK_CAPTURE_AUTORELEASING = YES;
				CLANG_WARN_BOOL_CONVERSION = YES;
				CLANG_WARN_COMMA = YES;
				CLANG_WARN_CONSTANT_CONVERSION = YES;
				CLANG_WARN_DEPRECATED_OBJC_IMPLEMENTATIONS = YES;
				CLANG_WARN_DIRECT_OBJC_ISA_USAGE = YES_ERROR;
				CLANG_WARN_DOCUMENTATION_COMMENTS = YES;
				CLANG_WARN_EMPTY_BODY = YES;
				CLANG_WARN_ENUM_CONVERSION = YES;
				CLANG_WARN_INFINITE_RECURSION = YES;
				CLANG_WARN_INT_CONVERSION = YES;
				CLANG_WARN_NON_LITERAL_NULL_CONVERSION = YES;
				CLANG_WARN_OBJC_IMPLICIT_RETAIN_SELF = YES;
				CLANG_WARN_OBJC_LITERAL_CONVERSION = YES;
				CLANG_WARN_OBJC_ROOT_CLASS = YES_ERROR;
				CLANG_WARN_RANGE_LOOP_ANALYSIS = YES;
				CLANG_WARN_STRICT_PROTOTYPES = YES;
				CLANG_WARN_SUSPICIOUS_MOVE = YES;
				CLANG_WARN_UNGUARDED_AVAILABILITY = YES_AGGRESSIVE;
				CLANG_WARN_UNREACHABLE_CODE = YES;
				CLANG_WARN__DUPLICATE_METHOD_MATCH = YES;
				CODE_SIGN_IDENTITY = "iPhone Developer";
				COPY_PHASE_STRIP = NO;
				DEBUG_INFORMATION_FORMAT = dwarf;
				ENABLE_STRICT_OBJC_MSGSEND = YES;
				ENABLE_TESTABILITY = YES;
				GCC_C_LANGUAGE_STANDARD = gnu11;
				GCC_DYNAMIC_NO_PIC = NO;
				GCC_NO_COMMON_BLOCKS = YES;
				GCC_OPTIMIZATION_LEVEL = 0;
				GCC_PREPROCESSOR_DEFINITIONS = (
					"DEBUG=1",
					"$(inherited)",
				);
				GCC_WARN_64_TO_32_BIT_CONVERSION = YES;
				GCC_WARN_ABOUT_RETURN_TYPE = YES_ERROR;
				GCC_WARN_UNDECLARED_SELECTOR = YES;
				GCC_WARN_UNINITIALIZED_AUTOS = YES_AGGRESSIVE;
				GCC_WARN_UNUSED_FUNCTION = YES;
				GCC_WARN_UNUSED_VARIABLE = YES;
				IPHONEOS_DEPLOYMENT_TARGET = 11.3;
				MTL_ENABLE_DEBUG_INFO = YES;
				ONLY_ACTIVE_ARCH = YES;
				SDKROOT = iphoneos;
				SWIFT_ACTIVE_COMPILATION_CONDITIONS = DEBUG;
				SWIFT_OPTIMIZATION_LEVEL = "-Onone";
			};
			name = Debug;
		};
		3ED90D4E209793EE0079B020 /* Release */ = {
			isa = XCBuildConfiguration;
			buildSettings = {
				ALWAYS_SEARCH_USER_PATHS = NO;
				CLANG_ANALYZER_NONNULL = YES;
				CLANG_ANALYZER_NUMBER_OBJECT_CONVERSION = YES_AGGRESSIVE;
				CLANG_CXX_LANGUAGE_STANDARD = "gnu++14";
				CLANG_CXX_LIBRARY = "libc++";
				CLANG_ENABLE_MODULES = YES;
				CLANG_ENABLE_OBJC_ARC = YES;
				CLANG_ENABLE_OBJC_WEAK = YES;
				CLANG_WARN_BLOCK_CAPTURE_AUTORELEASING = YES;
				CLANG_WARN_BOOL_CONVERSION = YES;
				CLANG_WARN_COMMA = YES;
				CLANG_WARN_CONSTANT_CONVERSION = YES;
				CLANG_WARN_DEPRECATED_OBJC_IMPLEMENTATIONS = YES;
				CLANG_WARN_DIRECT_OBJC_ISA_USAGE = YES_ERROR;
				CLANG_WARN_DOCUMENTATION_COMMENTS = YES;
				CLANG_WARN_EMPTY_BODY = YES;
				CLANG_WARN_ENUM_CONVERSION = YES;
				CLANG_WARN_INFINITE_RECURSION = YES;
				CLANG_WARN_INT_CONVERSION = YES;
				CLANG_WARN_NON_LITERAL_NULL_CONVERSION = YES;
				CLANG_WARN_OBJC_IMPLICIT_RETAIN_SELF = YES;
				CLANG_WARN_OBJC_LITERAL_CONVERSION = YES;
				CLANG_WARN_OBJC_ROOT_CLASS = YES_ERROR;
				CLANG_WARN_RANGE_LOOP_ANALYSIS = YES;
				CLANG_WARN_STRICT_PROTOTYPES = YES;
				CLANG_WARN_SUSPICIOUS_MOVE = YES;
				CLANG_WARN_UNGUARDED_AVAILABILITY = YES_AGGRESSIVE;
				CLANG_WARN_UNREACHABLE_CODE = YES;
				CLANG_WARN__DUPLICATE_METHOD_MATCH = YES;
				CODE_SIGN_IDENTITY = "iPhone Developer";
				COPY_PHASE_STRIP = NO;
				DEBUG_INFORMATION_FORMAT = "dwarf-with-dsym";
				ENABLE_NS_ASSERTIONS = NO;
				ENABLE_STRICT_OBJC_MSGSEND = YES;
				GCC_C_LANGUAGE_STANDARD = gnu11;
				GCC_NO_COMMON_BLOCKS = YES;
				GCC_WARN_64_TO_32_BIT_CONVERSION = YES;
				GCC_WARN_ABOUT_RETURN_TYPE = YES_ERROR;
				GCC_WARN_UNDECLARED_SELECTOR = YES;
				GCC_WARN_UNINITIALIZED_AUTOS = YES_AGGRESSIVE;
				GCC_WARN_UNUSED_FUNCTION = YES;
				GCC_WARN_UNUSED_VARIABLE = YES;
				IPHONEOS_DEPLOYMENT_TARGET = 11.3;
				MTL_ENABLE_DEBUG_INFO = NO;
				SDKROOT = iphoneos;
				SWIFT_COMPILATION_MODE = wholemodule;
				SWIFT_OPTIMIZATION_LEVEL = "-O";
				VALIDATE_PRODUCT = YES;
			};
			name = Release;
		};
		3ED90D50209793EE0079B020 /* Debug */ = {
			isa = XCBuildConfiguration;
			baseConfigurationReference = F1C5AE529B19D117D6D4723D /* Pods-UCD Foodconnect.debug.xcconfig */;
			buildSettings = {
				ASSETCATALOG_COMPILER_APPICON_NAME = AppIcon;
				CODE_SIGN_STYLE = Automatic;
				DEVELOPMENT_TEAM = FBXJCGAF5U;
				INFOPLIST_FILE = "UCD Foodconnect/Info.plist";
				IPHONEOS_DEPLOYMENT_TARGET = 9.0;
				LD_RUNPATH_SEARCH_PATHS = (
					"$(inherited)",
					"@executable_path/Frameworks",
				);
				PRODUCT_BUNDLE_IDENTIFIER = "com.calvinhuang.UCD-Foodconnect";
				PRODUCT_NAME = "$(TARGET_NAME)";
				SWIFT_VERSION = 4.0;
				TARGETED_DEVICE_FAMILY = "1,2";
			};
			name = Debug;
		};
		3ED90D51209793EE0079B020 /* Release */ = {
			isa = XCBuildConfiguration;
			baseConfigurationReference = F10E1B3BD6DE3D33F3C34CC3 /* Pods-UCD Foodconnect.release.xcconfig */;
			buildSettings = {
				ASSETCATALOG_COMPILER_APPICON_NAME = AppIcon;
				CODE_SIGN_STYLE = Automatic;
				DEVELOPMENT_TEAM = FBXJCGAF5U;
				INFOPLIST_FILE = "UCD Foodconnect/Info.plist";
				IPHONEOS_DEPLOYMENT_TARGET = 9.0;
				LD_RUNPATH_SEARCH_PATHS = (
					"$(inherited)",
					"@executable_path/Frameworks",
				);
				PRODUCT_BUNDLE_IDENTIFIER = "com.calvinhuang.UCD-Foodconnect";
				PRODUCT_NAME = "$(TARGET_NAME)";
				SWIFT_VERSION = 4.0;
				TARGETED_DEVICE_FAMILY = "1,2";
			};
			name = Release;
		};
/* End XCBuildConfiguration section */

/* Begin XCConfigurationList section */
		3ED90D38209793EC0079B020 /* Build configuration list for PBXProject "UCD Foodconnect" */ = {
			isa = XCConfigurationList;
			buildConfigurations = (
				3ED90D4D209793EE0079B020 /* Debug */,
				3ED90D4E209793EE0079B020 /* Release */,
			);
			defaultConfigurationIsVisible = 0;
			defaultConfigurationName = Release;
		};
		3ED90D4F209793EE0079B020 /* Build configuration list for PBXNativeTarget "UCD Foodconnect" */ = {
			isa = XCConfigurationList;
			buildConfigurations = (
				3ED90D50209793EE0079B020 /* Debug */,
				3ED90D51209793EE0079B020 /* Release */,
			);
			defaultConfigurationIsVisible = 0;
			defaultConfigurationName = Release;
		};
/* End XCConfigurationList section */
	};
	rootObject = 3ED90D35209793EC0079B020 /* Project object */;
}
